
Microsoft Visual Studio Solution File, Format Version 12.00
# Visual Studio 15
VisualStudioVersion = 15.0.28307.102
MinimumVisualStudioVersion = 10.0.40219.1
Project("{FAE04EC0-301F-11D3-BF4B-00C04F79EFBC}") = "Uplatnica", "Uplatnica\Uplatnica.csproj", "{604AE454-06DB-4B46-9AE8-38D87A58EE41}"
EndProject
Global
	GlobalSection(SolutionConfigurationPlatforms) = preSolution
		Debug|Any CPU = Debug|Any CPU
		Release|Any CPU = Release|Any CPU
	EndGlobalSection
	GlobalSection(ProjectConfigurationPlatforms) = postSolution
		{604AE454-06DB-4B46-9AE8-38D87A58EE41}.Debug|Any CPU.ActiveCfg = Debug|Any CPU
		{604AE454-06DB-4B46-9AE8-38D87A58EE41}.Debug|Any CPU.Build.0 = Debug|Any CPU
		{604AE454-06DB-4B46-9AE8-38D87A58EE41}.Release|Any CPU.ActiveCfg = Release|Any CPU
		{604AE454-06DB-4B46-9AE8-38D87A58EE41}.Release|Any CPU.Build.0 = Release|Any CPU
	EndGlobalSection
	GlobalSection(SolutionProperties) = preSolution
		HideSolutionNode = FALSE
	EndGlobalSection
	GlobalSection(ExtensibilityGlobals) = postSolution
		SolutionGuid = {337C87D3-5B02-4CA7-A9AE-D23ECB440726}
	EndGlobalSection
EndGlobal
